// !$*UTF8*$!
{
	archiveVersion = 1;
	classes = {
	};
	objectVersion = 50;
	objects = {

/* Begin PBXBuildFile section */
		DB703A9524C4B0AB006893B1 /* AppDelegate.swift in Sources */ = {isa = PBXBuildFile; fileRef = DB703A9424C4B0AB006893B1 /* AppDelegate.swift */; };
		DB703A9724C4B0AB006893B1 /* SceneDelegate.swift in Sources */ = {isa = PBXBuildFile; fileRef = DB703A9624C4B0AB006893B1 /* SceneDelegate.swift */; };
		DB703A9A24C4B0AB006893B1 /* CoreDataToDo.xcdatamodeld in Sources */ = {isa = PBXBuildFile; fileRef = DB703A9824C4B0AB006893B1 /* CoreDataToDo.xcdatamodeld */; };
		DB703A9C24C4B0AB006893B1 /* ContentView.swift in Sources */ = {isa = PBXBuildFile; fileRef = DB703A9B24C4B0AB006893B1 /* ContentView.swift */; };
		DB703A9E24C4B0AF006893B1 /* Assets.xcassets in Resources */ = {isa = PBXBuildFile; fileRef = DB703A9D24C4B0AF006893B1 /* Assets.xcassets */; };
		DB703AA124C4B0AF006893B1 /* Preview Assets.xcassets in Resources */ = {isa = PBXBuildFile; fileRef = DB703AA024C4B0AF006893B1 /* Preview Assets.xcassets */; };
		DB703AA424C4B0AF006893B1 /* LaunchScreen.storyboard in Resources */ = {isa = PBXBuildFile; fileRef = DB703AA224C4B0AF006893B1 /* LaunchScreen.storyboard */; };
		DB703AAF24C4B0AF006893B1 /* CoreDataToDoTests.swift in Sources */ = {isa = PBXBuildFile; fileRef = DB703AAE24C4B0AF006893B1 /* CoreDataToDoTests.swift */; };
		DB703ABA24C4B0AF006893B1 /* CoreDataToDoUITests.swift in Sources */ = {isa = PBXBuildFile; fileRef = DB703AB924C4B0AF006893B1 /* CoreDataToDoUITests.swift */; };
		DB88284D24C4B2E700323ECB /* ToDoItem.swift in Sources */ = {isa = PBXBuildFile; fileRef = DB88284C24C4B2E700323ECB /* ToDoItem.swift */; };
		DB88284F24C4BA7600323ECB /* ToDoItemView.swift in Sources */ = {isa = PBXBuildFile; fileRef = DB88284E24C4BA7600323ECB /* ToDoItemView.swift */; };
/* End PBXBuildFile section */

/* Begin PBXContainerItemProxy section */
		DB703AAB24C4B0AF006893B1 /* PBXContainerItemProxy */ = {
			isa = PBXContainerItemProxy;
			containerPortal = DB703A8924C4B0AB006893B1 /* Project object */;
			proxyType = 1;
			remoteGlobalIDString = DB703A9024C4B0AB006893B1;
			remoteInfo = CoreDataToDo;
		};
		DB703AB624C4B0AF006893B1 /* PBXContainerItemProxy */ = {
			isa = PBXContainerItemProxy;
			containerPortal = DB703A8924C4B0AB006893B1 /* Project object */;
			proxyType = 1;
			remoteGlobalIDString = DB703A9024C4B0AB006893B1;
			remoteInfo = CoreDataToDo;
		};
/* End PBXContainerItemProxy section */

/* Begin PBXFileReference section */
		DB703A9124C4B0AB006893B1 /* CoreDataToDo.app */ = {isa = PBXFileReference; explicitFileType = wrapper.application; includeInIndex = 0; path = CoreDataToDo.app; sourceTree = BUILT_PRODUCTS_DIR; };
		DB703A9424C4B0AB006893B1 /* AppDelegate.swift */ = {isa = PBXFileReference; lastKnownFileType = sourcecode.swift; path = AppDelegate.swift; sourceTree = "<group>"; };
		DB703A9624C4B0AB006893B1 /* SceneDelegate.swift */ = {isa = PBXFileReference; lastKnownFileType = sourcecode.swift; path = SceneDelegate.swift; sourceTree = "<group>"; };
		DB703A9924C4B0AB006893B1 /* CoreDataToDo.xcdatamodel */ = {isa = PBXFileReference; lastKnownFileType = wrapper.xcdatamodel; path = CoreDataToDo.xcdatamodel; sourceTree = "<group>"; };
		DB703A9B24C4B0AB006893B1 /* ContentView.swift */ = {isa = PBXFileReference; lastKnownFileType = sourcecode.swift; path = ContentView.swift; sourceTree = "<group>"; };
		DB703A9D24C4B0AF006893B1 /* Assets.xcassets */ = {isa = PBXFileReference; lastKnownFileType = folder.assetcatalog; path = Assets.xcassets; sourceTree = "<group>"; };
		DB703AA024C4B0AF006893B1 /* Preview Assets.xcassets */ = {isa = PBXFileReference; lastKnownFileType = folder.assetcatalog; path = "Preview Assets.xcassets"; sourceTree = "<group>"; };
		DB703AA324C4B0AF006893B1 /* Base */ = {isa = PBXFileReference; lastKnownFileType = file.storyboard; name = Base; path = Base.lproj/LaunchScreen.storyboard; sourceTree = "<group>"; };
		DB703AA524C4B0AF006893B1 /* Info.plist */ = {isa = PBXFileReference; lastKnownFileType = text.plist.xml; path = Info.plist; sourceTree = "<group>"; };
		DB703AAA24C4B0AF006893B1 /* CoreDataToDoTests.xctest */ = {isa = PBXFileReference; explicitFileType = wrapper.cfbundle; includeInIndex = 0; path = CoreDataToDoTests.xctest; sourceTree = BUILT_PRODUCTS_DIR; };
		DB703AAE24C4B0AF006893B1 /* CoreDataToDoTests.swift */ = {isa = PBXFileReference; lastKnownFileType = sourcecode.swift; path = CoreDataToDoTests.swift; sourceTree = "<group>"; };
		DB703AB024C4B0AF006893B1 /* Info.plist */ = {isa = PBXFileReference; lastKnownFileType = text.plist.xml; path = Info.plist; sourceTree = "<group>"; };
		DB703AB524C4B0AF006893B1 /* CoreDataToDoUITests.xctest */ = {isa = PBXFileReference; explicitFileType = wrapper.cfbundle; includeInIndex = 0; path = CoreDataToDoUITests.xctest; sourceTree = BUILT_PRODUCTS_DIR; };
		DB703AB924C4B0AF006893B1 /* CoreDataToDoUITests.swift */ = {isa = PBXFileReference; lastKnownFileType = sourcecode.swift; path = CoreDataToDoUITests.swift; sourceTree = "<group>"; };
		DB703ABB24C4B0AF006893B1 /* Info.plist */ = {isa = PBXFileReference; lastKnownFileType = text.plist.xml; path = Info.plist; sourceTree = "<group>"; };
		DB88284C24C4B2E700323ECB /* ToDoItem.swift */ = {isa = PBXFileReference; lastKnownFileType = sourcecode.swift; path = ToDoItem.swift; sourceTree = "<group>"; };
		DB88284E24C4BA7600323ECB /* ToDoItemView.swift */ = {isa = PBXFileReference; lastKnownFileType = sourcecode.swift; path = ToDoItemView.swift; sourceTree = "<group>"; };
/* End PBXFileReference section */

/* Begin PBXFrameworksBuildPhase section */
		DB703A8E24C4B0AB006893B1 /* Frameworks */ = {
			isa = PBXFrameworksBuildPhase;
			buildActionMask = 2147483647;
			files = (
			);
			runOnlyForDeploymentPostprocessing = 0;
		};
		DB703AA724C4B0AF006893B1 /* Frameworks */ = {
			isa = PBXFrameworksBuildPhase;
			buildActionMask = 2147483647;
			files = (
			);
			runOnlyForDeploymentPostprocessing = 0;
		};
		DB703AB224C4B0AF006893B1 /* Frameworks */ = {
			isa = PBXFrameworksBuildPhase;
			buildActionMask = 2147483647;
			files = (
			);
			runOnlyForDeploymentPostprocessing = 0;
		};
/* End PBXFrameworksBuildPhase section */

/* Begin PBXGroup section */
		DB703A8824C4B0AB006893B1 = {
			isa = PBXGroup;
			children = (
				DB703A9324C4B0AB006893B1 /* CoreDataToDo */,
				DB703AAD24C4B0AF006893B1 /* CoreDataToDoTests */,
				DB703AB824C4B0AF006893B1 /* CoreDataToDoUITests */,
				DB703A9224C4B0AB006893B1 /* Products */,
			);
			sourceTree = "<group>";
		};
		DB703A9224C4B0AB006893B1 /* Products */ = {
			isa = PBXGroup;
			children = (
				DB703A9124C4B0AB006893B1 /* CoreDataToDo.app */,
				DB703AAA24C4B0AF006893B1 /* CoreDataToDoTests.xctest */,
				DB703AB524C4B0AF006893B1 /* CoreDataToDoUITests.xctest */,
			);
			name = Products;
			sourceTree = "<group>";
		};
		DB703A9324C4B0AB006893B1 /* CoreDataToDo */ = {
			isa = PBXGroup;
			children = (
				DB703A9424C4B0AB006893B1 /* AppDelegate.swift */,
				DB703A9624C4B0AB006893B1 /* SceneDelegate.swift */,
				DB703A9B24C4B0AB006893B1 /* ContentView.swift */,
				DB88284E24C4BA7600323ECB /* ToDoItemView.swift */,
				DB88284C24C4B2E700323ECB /* ToDoItem.swift */,
				DB703A9D24C4B0AF006893B1 /* Assets.xcassets */,
				DB703AA224C4B0AF006893B1 /* LaunchScreen.storyboard */,
				DB703AA524C4B0AF006893B1 /* Info.plist */,
				DB703A9824C4B0AB006893B1 /* CoreDataToDo.xcdatamodeld */,
				DB703A9F24C4B0AF006893B1 /* Preview Content */,
			);
			path = CoreDataToDo;
			sourceTree = "<group>";
		};
		DB703A9F24C4B0AF006893B1 /* Preview Content */ = {
			isa = PBXGroup;
			children = (
				DB703AA024C4B0AF006893B1 /* Preview Assets.xcassets */,
			);
			path = "Preview Content";
			sourceTree = "<group>";
		};
		DB703AAD24C4B0AF006893B1 /* CoreDataToDoTests */ = {
			isa = PBXGroup;
			children = (
				DB703AAE24C4B0AF006893B1 /* CoreDataToDoTests.swift */,
				DB703AB024C4B0AF006893B1 /* Info.plist */,
			);
			path = CoreDataToDoTests;
			sourceTree = "<group>";
		};
		DB703AB824C4B0AF006893B1 /* CoreDataToDoUITests */ = {
			isa = PBXGroup;
			children = (
				DB703AB924C4B0AF006893B1 /* CoreDataToDoUITests.swift */,
				DB703ABB24C4B0AF006893B1 /* Info.plist */,
			);
			path = CoreDataToDoUITests;
			sourceTree = "<group>";
		};
/* End PBXGroup section */

/* Begin PBXNativeTarget section */
		DB703A9024C4B0AB006893B1 /* CoreDataToDo */ = {
			isa = PBXNativeTarget;
			buildConfigurationList = DB703ABE24C4B0AF006893B1 /* Build configuration list for PBXNativeTarget "CoreDataToDo" */;
			buildPhases = (
				DB703A8D24C4B0AB006893B1 /* Sources */,
				DB703A8E24C4B0AB006893B1 /* Frameworks */,
				DB703A8F24C4B0AB006893B1 /* Resources */,
			);
			buildRules = (
			);
			dependencies = (
			);
			name = CoreDataToDo;
			productName = CoreDataToDo;
			productReference = DB703A9124C4B0AB006893B1 /* CoreDataToDo.app */;
			productType = "com.apple.product-type.application";
		};
		DB703AA924C4B0AF006893B1 /* CoreDataToDoTests */ = {
			isa = PBXNativeTarget;
			buildConfigurationList = DB703AC124C4B0AF006893B1 /* Build configuration list for PBXNativeTarget "CoreDataToDoTests" */;
			buildPhases = (
				DB703AA624C4B0AF006893B1 /* Sources */,
				DB703AA724C4B0AF006893B1 /* Frameworks */,
				DB703AA824C4B0AF006893B1 /* Resources */,
			);
			buildRules = (
			);
			dependencies = (
				DB703AAC24C4B0AF006893B1 /* PBXTargetDependency */,
			);
			name = CoreDataToDoTests;
			productName = CoreDataToDoTests;
			productReference = DB703AAA24C4B0AF006893B1 /* CoreDataToDoTests.xctest */;
			productType = "com.apple.product-type.bundle.unit-test";
		};
		DB703AB424C4B0AF006893B1 /* CoreDataToDoUITests */ = {
			isa = PBXNativeTarget;
			buildConfigurationList = DB703AC424C4B0AF006893B1 /* Build configuration list for PBXNativeTarget "CoreDataToDoUITests" */;
			buildPhases = (
				DB703AB124C4B0AF006893B1 /* Sources */,
				DB703AB224C4B0AF006893B1 /* Frameworks */,
				DB703AB324C4B0AF006893B1 /* Resources */,
			);
			buildRules = (
			);
			dependencies = (
				DB703AB724C4B0AF006893B1 /* PBXTargetDependency */,
			);
			name = CoreDataToDoUITests;
			productName = CoreDataToDoUITests;
			productReference = DB703AB524C4B0AF006893B1 /* CoreDataToDoUITests.xctest */;
			productType = "com.apple.product-type.bundle.ui-testing";
		};
/* End PBXNativeTarget section */

/* Begin PBXProject section */
		DB703A8924C4B0AB006893B1 /* Project object */ = {
			isa = PBXProject;
			attributes = {
				LastSwiftUpdateCheck = 1150;
				LastUpgradeCheck = 1150;
				ORGANIZATIONNAME = "Paul Sulikowski";
				TargetAttributes = {
					DB703A9024C4B0AB006893B1 = {
						CreatedOnToolsVersion = 11.5;
					};
					DB703AA924C4B0AF006893B1 = {
						CreatedOnToolsVersion = 11.5;
						TestTargetID = DB703A9024C4B0AB006893B1;
					};
					DB703AB424C4B0AF006893B1 = {
						CreatedOnToolsVersion = 11.5;
						TestTargetID = DB703A9024C4B0AB006893B1;
					};
				};
			};
			buildConfigurationList = DB703A8C24C4B0AB006893B1 /* Build configuration list for PBXProject "CoreDataToDo" */;
			compatibilityVersion = "Xcode 9.3";
			developmentRegion = en;
			hasScannedForEncodings = 0;
			knownRegions = (
				en,
				Base,
			);
			mainGroup = DB703A8824C4B0AB006893B1;
			productRefGroup = DB703A9224C4B0AB006893B1 /* Products */;
			projectDirPath = "";
			projectRoot = "";
			targets = (
				DB703A9024C4B0AB006893B1 /* CoreDataToDo */,
				DB703AA924C4B0AF006893B1 /* CoreDataToDoTests */,
				DB703AB424C4B0AF006893B1 /* CoreDataToDoUITests */,
			);
		};
/* End PBXProject section */

/* Begin PBXResourcesBuildPhase section */
		DB703A8F24C4B0AB006893B1 /* Resources */ = {
			isa = PBXResourcesBuildPhase;
			buildActionMask = 2147483647;
			files = (
				DB703AA424C4B0AF006893B1 /* LaunchScreen.storyboard in Resources */,
				DB703AA124C4B0AF006893B1 /* Preview Assets.xcassets in Resources */,
				DB703A9E24C4B0AF006893B1 /* Assets.xcassets in Resources */,
			);
			runOnlyForDeploymentPostprocessing = 0;
		};
		DB703AA824C4B0AF006893B1 /* Resources */ = {
			isa = PBXResourcesBuildPhase;
			buildActionMask = 2147483647;
			files = (
			);
			runOnlyForDeploymentPostprocessing = 0;
		};
		DB703AB324C4B0AF006893B1 /* Resources */ = {
			isa = PBXResourcesBuildPhase;
			buildActionMask = 2147483647;
			files = (
			);
			runOnlyForDeploymentPostprocessing = 0;
		};
/* End PBXResourcesBuildPhase section */

/* Begin PBXSourcesBuildPhase section */
		DB703A8D24C4B0AB006893B1 /* Sources */ = {
			isa = PBXSourcesBuildPhase;
			buildActionMask = 2147483647;
			files = (
				DB703A9524C4B0AB006893B1 /* AppDelegate.swift in Sources */,
				DB88284F24C4BA7600323ECB /* ToDoItemView.swift in Sources */,
				DB703A9724C4B0AB006893B1 /* SceneDelegate.swift in Sources */,
				DB88284D24C4B2E700323ECB /* ToDoItem.swift in Sources */,
				DB703A9C24C4B0AB006893B1 /* ContentView.swift in Sources */,
				DB703A9A24C4B0AB006893B1 /* CoreDataToDo.xcdatamodeld in Sources */,
			);
			runOnlyForDeploymentPostprocessing = 0;
		};
		DB703AA624C4B0AF006893B1 /* Sources */ = {
			isa = PBXSourcesBuildPhase;
			buildActionMask = 2147483647;
			files = (
				DB703AAF24C4B0AF006893B1 /* CoreDataToDoTests.swift in Sources */,
			);
			runOnlyForDeploymentPostprocessing = 0;
		};
		DB703AB124C4B0AF006893B1 /* Sources */ = {
			isa = PBXSourcesBuildPhase;
			buildActionMask = 2147483647;
			files = (
				DB703ABA24C4B0AF006893B1 /* CoreDataToDoUITests.swift in Sources */,
			);
			runOnlyForDeploymentPostprocessing = 0;
		};
/* End PBXSourcesBuildPhase section */

/* Begin PBXTargetDependency section */
		DB703AAC24C4B0AF006893B1 /* PBXTargetDependency */ = {
			isa = PBXTargetDependency;
			target = DB703A9024C4B0AB006893B1 /* CoreDataToDo */;
			targetProxy = DB703AAB24C4B0AF006893B1 /* PBXContainerItemProxy */;
		};
		DB703AB724C4B0AF006893B1 /* PBXTargetDependency */ = {
			isa = PBXTargetDependency;
			target = DB703A9024C4B0AB006893B1 /* CoreDataToDo */;
			targetProxy = DB703AB624C4B0AF006893B1 /* PBXContainerItemProxy */;
		};
/* End PBXTargetDependency section */

/* Begin PBXVariantGroup section */
		DB703AA224C4B0AF006893B1 /* LaunchScreen.storyboard */ = {
			isa = PBXVariantGroup;
			children = (
				DB703AA324C4B0AF006893B1 /* Base */,
			);
			name = LaunchScreen.storyboard;
			sourceTree = "<group>";
		};
/* End PBXVariantGroup section */

/* Begin XCBuildConfiguration section */
		DB703ABC24C4B0AF006893B1 /* Debug */ = {
			isa = XCBuildConfiguration;
			buildSettings = {
				ALWAYS_SEARCH_USER_PATHS = NO;
				CLANG_ANALYZER_NONNULL = YES;
				CLANG_ANALYZER_NUMBER_OBJECT_CONVERSION = YES_AGGRESSIVE;
				CLANG_CXX_LANGUAGE_STANDARD = "gnu++14";
				CLANG_CXX_LIBRARY = "libc++";
				CLANG_ENABLE_MODULES = YES;
				CLANG_ENABLE_OBJC_ARC = YES;
				CLANG_ENABLE_OBJC_WEAK = YES;
				CLANG_WARN_BLOCK_CAPTURE_AUTORELEASING = YES;
				CLANG_WARN_BOOL_CONVERSION = YES;
				CLANG_WARN_COMMA = YES;
				CLANG_WARN_CONSTANT_CONVERSION = YES;
				CLANG_WARN_DEPRECATED_OBJC_IMPLEMENTATIONS = YES;
				CLANG_WARN_DIRECT_OBJC_ISA_USAGE = YES_ERROR;
				CLANG_WARN_DOCUMENTATION_COMMENTS = YES;
				CLANG_WARN_EMPTY_BODY = YES;
				CLANG_WARN_ENUM_CONVERSION = YES;
				CLANG_WARN_INFINITE_RECURSION = YES;
				CLANG_WARN_INT_CONVERSION = YES;
				CLANG_WARN_NON_LITERAL_NULL_CONVERSION = YES;
				CLANG_WARN_OBJC_IMPLICIT_RETAIN_SELF = YES;
				CLANG_WARN_OBJC_LITERAL_CONVERSION = YES;
				CLANG_WARN_OBJC_ROOT_CLASS = YES_ERROR;
				CLANG_WARN_RANGE_LOOP_ANALYSIS = YES;
				CLANG_WARN_STRICT_PROTOTYPES = YES;
				CLANG_WARN_SUSPICIOUS_MOVE = YES;
				CLANG_WARN_UNGUARDED_AVAILABILITY = YES_AGGRESSIVE;
				CLANG_WARN_UNREACHABLE_CODE = YES;
				CLANG_WARN__DUPLICATE_METHOD_MATCH = YES;
				COPY_PHASE_STRIP = NO;
				DEBUG_INFORMATION_FORMAT = dwarf;
				ENABLE_STRICT_OBJC_MSGSEND = YES;
				ENABLE_TESTABILITY = YES;
				GCC_C_LANGUAGE_STANDARD = gnu11;
				GCC_DYNAMIC_NO_PIC = NO;
				GCC_NO_COMMON_BLOCKS = YES;
				GCC_OPTIMIZATION_LEVEL = 0;
				GCC_PREPROCESSOR_DEFINITIONS = (
					"DEBUG=1",
					"$(inherited)",
				);
				GCC_WARN_64_TO_32_BIT_CONVERSION = YES;
				GCC_WARN_ABOUT_RETURN_TYPE = YES_ERROR;
				GCC_WARN_UNDECLARED_SELECTOR = YES;
				GCC_WARN_UNINITIALIZED_AUTOS = YES_AGGRESSIVE;
				GCC_WARN_UNUSED_FUNCTION = YES;
				GCC_WARN_UNUSED_VARIABLE = YES;
				IPHONEOS_DEPLOYMENT_TARGET = 13.5;
				MTL_ENABLE_DEBUG_INFO = INCLUDE_SOURCE;
				MTL_FAST_MATH = YES;
				ONLY_ACTIVE_ARCH = YES;
				SDKROOT = iphoneos;
				SWIFT_ACTIVE_COMPILATION_CONDITIONS = DEBUG;
				SWIFT_OPTIMIZATION_LEVEL = "-Onone";
			};
			name = Debug;
		};
		DB703ABD24C4B0AF006893B1 /* Release */ = {
			isa = XCBuildConfiguration;
			buildSettings = {
				ALWAYS_SEARCH_USER_PATHS = NO;
				CLANG_ANALYZER_NONNULL = YES;
				CLANG_ANALYZER_NUMBER_OBJECT_CONVERSION = YES_AGGRESSIVE;
				CLANG_CXX_LANGUAGE_STANDARD = "gnu++14";
				CLANG_CXX_LIBRARY = "libc++";
				CLANG_ENABLE_MODULES = YES;
				CLANG_ENABLE_OBJC_ARC = YES;
				CLANG_ENABLE_OBJC_WEAK = YES;
				CLANG_WARN_BLOCK_CAPTURE_AUTORELEASING = YES;
				CLANG_WARN_BOOL_CONVERSION = YES;
				CLANG_WARN_COMMA = YES;
				CLANG_WARN_CONSTANT_CONVERSION = YES;
				CLANG_WARN_DEPRECATED_OBJC_IMPLEMENTATIONS = YES;
				CLANG_WARN_DIRECT_OBJC_ISA_USAGE = YES_ERROR;
				CLANG_WARN_DOCUMENTATION_COMMENTS = YES;
				CLANG_WARN_EMPTY_BODY = YES;
				CLANG_WARN_ENUM_CONVERSION = YES;
				CLANG_WARN_INFINITE_RECURSION = YES;
				CLANG_WARN_INT_CONVERSION = YES;
				CLANG_WARN_NON_LITERAL_NULL_CONVERSION = YES;
				CLANG_WARN_OBJC_IMPLICIT_RETAIN_SELF = YES;
				CLANG_WARN_OBJC_LITERAL_CONVERSION = YES;
				CLANG_WARN_OBJC_ROOT_CLASS = YES_ERROR;
				CLANG_WARN_RANGE_LOOP_ANALYSIS = YES;
				CLANG_WARN_STRICT_PROTOTYPES = YES;
				CLANG_WARN_SUSPICIOUS_MOVE = YES;
				CLANG_WARN_UNGUARDED_AVAILABILITY = YES_AGGRESSIVE;
				CLANG_WARN_UNREACHABLE_CODE = YES;
				CLANG_WARN__DUPLICATE_METHOD_MATCH = YES;
				COPY_PHASE_STRIP = NO;
				DEBUG_INFORMATION_FORMAT = "dwarf-with-dsym";
				ENABLE_NS_ASSERTIONS = NO;
				ENABLE_STRICT_OBJC_MSGSEND = YES;
				GCC_C_LANGUAGE_STANDARD = gnu11;
				GCC_NO_COMMON_BLOCKS = YES;
				GCC_WARN_64_TO_32_BIT_CONVERSION = YES;
				GCC_WARN_ABOUT_RETURN_TYPE = YES_ERROR;
				GCC_WARN_UNDECLARED_SELECTOR = YES;
				GCC_WARN_UNINITIALIZED_AUTOS = YES_AGGRESSIVE;
				GCC_WARN_UNUSED_FUNCTION = YES;
				GCC_WARN_UNUSED_VARIABLE = YES;
				IPHONEOS_DEPLOYMENT_TARGET = 13.5;
				MTL_ENABLE_DEBUG_INFO = NO;
				MTL_FAST_MATH = YES;
				SDKROOT = iphoneos;
				SWIFT_COMPILATION_MODE = wholemodule;
				SWIFT_OPTIMIZATION_LEVEL = "-O";
				VALIDATE_PRODUCT = YES;
			};
			name = Release;
		};
		DB703ABF24C4B0AF006893B1 /* Debug */ = {
			isa = XCBuildConfiguration;
			buildSettings = {
				ASSETCATALOG_COMPILER_APPICON_NAME = AppIcon;
				CODE_SIGN_STYLE = Automatic;
				DEVELOPMENT_ASSET_PATHS = "\"CoreDataToDo/Preview Content\"";
				DEVELOPMENT_TEAM = Z9L9BZFYLS;
				ENABLE_PREVIEWS = YES;
				INFOPLIST_FILE = CoreDataToDo/Info.plist;
				LD_RUNPATH_SEARCH_PATHS = (
					"$(inherited)",
					"@executable_path/Frameworks",
				);
				PRODUCT_BUNDLE_IDENTIFIER = com.sularize.CoreDataToDo;
				PRODUCT_NAME = "$(TARGET_NAME)";
				SWIFT_VERSION = 5.0;
				TARGETED_DEVICE_FAMILY = "1,2";
			};
			name = Debug;
		};
		DB703AC024C4B0AF006893B1 /* Release */ = {
			isa = XCBuildConfiguration;
			buildSettings = {
				ASSETCATALOG_COMPILER_APPICON_NAME = AppIcon;
				CODE_SIGN_STYLE = Automatic;
				DEVELOPMENT_ASSET_PATHS = "\"CoreDataToDo/Preview Content\"";
				DEVELOPMENT_TEAM = Z9L9BZFYLS;
				ENABLE_PREVIEWS = YES;
				INFOPLIST_FILE = CoreDataToDo/Info.plist;
				LD_RUNPATH_SEARCH_PATHS = (
					"$(inherited)",
					"@executable_path/Frameworks",
				);
				PRODUCT_BUNDLE_IDENTIFIER = com.sularize.CoreDataToDo;
				PRODUCT_NAME = "$(TARGET_NAME)";
				SWIFT_VERSION = 5.0;
				TARGETED_DEVICE_FAMILY = "1,2";
			};
			name = Release;
		};
		DB703AC224C4B0AF006893B1 /* Debug */ = {
			isa = XCBuildConfiguration;
			buildSettings = {
				ALWAYS_EMBED_SWIFT_STANDARD_LIBRARIES = YES;
				BUNDLE_LOADER = "$(TEST_HOST)";
				CODE_SIGN_STYLE = Automatic;
				DEVELOPMENT_TEAM = Z9L9BZFYLS;
				INFOPLIST_FILE = CoreDataToDoTests/Info.plist;
				IPHONEOS_DEPLOYMENT_TARGET = 13.5;
				LD_RUNPATH_SEARCH_PATHS = (
					"$(inherited)",
					"@executable_path/Frameworks",
					"@loader_path/Frameworks",
				);
				PRODUCT_BUNDLE_IDENTIFIER = com.sularize.CoreDataToDoTests;
				PRODUCT_NAME = "$(TARGET_NAME)";
				SWIFT_VERSION = 5.0;
				TARGETED_DEVICE_FAMILY = "1,2";
				TEST_HOST = "$(BUILT_PRODUCTS_DIR)/CoreDataToDo.app/CoreDataToDo";
			};
			name = Debug;
		};
		DB703AC324C4B0AF006893B1 /* Release */ = {
			isa = XCBuildConfiguration;
			buildSettings = {
				ALWAYS_EMBED_SWIFT_STANDARD_LIBRARIES = YES;
				BUNDLE_LOADER = "$(TEST_HOST)";
				CODE_SIGN_STYLE = Automatic;
				DEVELOPMENT_TEAM = Z9L9BZFYLS;
				INFOPLIST_FILE = CoreDataToDoTests/Info.plist;
				IPHONEOS_DEPLOYMENT_TARGET = 13.5;
				LD_RUNPATH_SEARCH_PATHS = (
					"$(inherited)",
					"@executable_path/Frameworks",
					"@loader_path/Frameworks",
				);
				PRODUCT_BUNDLE_IDENTIFIER = com.sularize.CoreDataToDoTests;
				PRODUCT_NAME = "$(TARGET_NAME)";
				SWIFT_VERSION = 5.0;
				TARGETED_DEVICE_FAMILY = "1,2";
				TEST_HOST = "$(BUILT_PRODUCTS_DIR)/CoreDataToDo.app/CoreDataToDo";
			};
			name = Release;
		};
		DB703AC524C4B0AF006893B1 /* Debug */ = {
			isa = XCBuildConfiguration;
			buildSettings = {
				ALWAYS_EMBED_SWIFT_STANDARD_LIBRARIES = YES;
				CODE_SIGN_STYLE = Automatic;
				DEVELOPMENT_TEAM = Z9L9BZFYLS;
				INFOPLIST_FILE = CoreDataToDoUITests/Info.plist;
				LD_RUNPATH_SEARCH_PATHS = (
					"$(inherited)",
					"@executable_path/Frameworks",
					"@loader_path/Frameworks",
				);
				PRODUCT_BUNDLE_IDENTIFIER = com.sularize.CoreDataToDoUITests;
				PRODUCT_NAME = "$(TARGET_NAME)";
				SWIFT_VERSION = 5.0;
				TARGETED_DEVICE_FAMILY = "1,2";
				TEST_TARGET_NAME = CoreDataToDo;
			};
			name = Debug;
		};
		DB703AC624C4B0AF006893B1 /* Release */ = {
			isa = XCBuildConfiguration;
			buildSettings = {
				ALWAYS_EMBED_SWIFT_STANDARD_LIBRARIES = YES;
				CODE_SIGN_STYLE = Automatic;
				DEVELOPMENT_TEAM = Z9L9BZFYLS;
				INFOPLIST_FILE = CoreDataToDoUITests/Info.plist;
				LD_RUNPATH_SEARCH_PATHS = (
					"$(inherited)",
					"@executable_path/Frameworks",
					"@loader_path/Frameworks",
				);
				PRODUCT_BUNDLE_IDENTIFIER = com.sularize.CoreDataToDoUITests;
				PRODUCT_NAME = "$(TARGET_NAME)";
				SWIFT_VERSION = 5.0;
				TARGETED_DEVICE_FAMILY = "1,2";
				TEST_TARGET_NAME = CoreDataToDo;
			};
			name = Release;
		};
/* End XCBuildConfiguration section */

/* Begin XCConfigurationList section */
		DB703A8C24C4B0AB006893B1 /* Build configuration list for PBXProject "CoreDataToDo" */ = {
			isa = XCConfigurationList;
			buildConfigurations = (
				DB703ABC24C4B0AF006893B1 /* Debug */,
				DB703ABD24C4B0AF006893B1 /* Release */,
			);
			defaultConfigurationIsVisible = 0;
			defaultConfigurationName = Release;
		};
		DB703ABE24C4B0AF006893B1 /* Build configuration list for PBXNativeTarget "CoreDataToDo" */ = {
			isa = XCConfigurationList;
			buildConfigurations = (
				DB703ABF24C4B0AF006893B1 /* Debug */,
				DB703AC024C4B0AF006893B1 /* Release */,
			);
			defaultConfigurationIsVisible = 0;
			defaultConfigurationName = Release;
		};
		DB703AC124C4B0AF006893B1 /* Build configuration list for PBXNativeTarget "CoreDataToDoTests" */ = {
			isa = XCConfigurationList;
			buildConfigurations = (
				DB703AC224C4B0AF006893B1 /* Debug */,
				DB703AC324C4B0AF006893B1 /* Release */,
			);
			defaultConfigurationIsVisible = 0;
			defaultConfigurationName = Release;
		};
		DB703AC424C4B0AF006893B1 /* Build configuration list for PBXNativeTarget "CoreDataToDoUITests" */ = {
			isa = XCConfigurationList;
			buildConfigurations = (
				DB703AC524C4B0AF006893B1 /* Debug */,
				DB703AC624C4B0AF006893B1 /* Release */,
			);
			defaultConfigurationIsVisible = 0;
			defaultConfigurationName = Release;
		};
/* End XCConfigurationList section */

/* Begin XCVersionGroup section */
		DB703A9824C4B0AB006893B1 /* CoreDataToDo.xcdatamodeld */ = {
			isa = XCVersionGroup;
			children = (
				DB703A9924C4B0AB006893B1 /* CoreDataToDo.xcdatamodel */,
			);
			currentVersion = DB703A9924C4B0AB006893B1 /* CoreDataToDo.xcdatamodel */;
			path = CoreDataToDo.xcdatamodeld;
			sourceTree = "<group>";
			versionGroupType = wrapper.xcdatamodel;
		};
/* End XCVersionGroup section */
	};
	rootObject = DB703A8924C4B0AB006893B1 /* Project object */;
}
